
Microsoft Visual Studio Solution File, Format Version 12.00
# Visual Studio Version 17
VisualStudioVersion = 17.11.35312.102
MinimumVisualStudioVersion = 10.0.40219.1
Project("{FAE04EC0-301F-11D3-BF4B-00C04F79EFBC}") = "KalulatorDatumRodjenja", "KalulatorDatumRodjenja\KalulatorDatumRodjenja.csproj", "{8E51B299-9B42-4AC5-8A8C-E608FAD5E735}"
EndProject
Global
	GlobalSection(SolutionConfigurationPlatforms) = preSolution
		Debug|Any CPU = Debug|Any CPU
		Release|Any CPU = Release|Any CPU
	EndGlobalSection
	GlobalSection(ProjectConfigurationPlatforms) = postSolution
		{8E51B299-9B42-4AC5-8A8C-E608FAD5E735}.Debug|Any CPU.ActiveCfg = Debug|Any CPU
		{8E51B299-9B42-4AC5-8A8C-E608FAD5E735}.Debug|Any CPU.Build.0 = Debug|Any CPU
		{8E51B299-9B42-4AC5-8A8C-E608FAD5E735}.Release|Any CPU.ActiveCfg = Release|Any CPU
		{8E51B299-9B42-4AC5-8A8C-E608FAD5E735}.Release|Any CPU.Build.0 = Release|Any CPU
	EndGlobalSection
	GlobalSection(SolutionProperties) = preSolution
		HideSolutionNode = FALSE
	EndGlobalSection
	GlobalSection(ExtensibilityGlobals) = postSolution
		SolutionGuid = {50E3F165-0D88-493E-A9FA-AE1CDEBB7D52}
	EndGlobalSection
EndGlobal
