
Microsoft Visual Studio Solution File, Format Version 12.00
# Visual Studio Version 17
VisualStudioVersion = 17.11.35312.102
MinimumVisualStudioVersion = 10.0.40219.1
Project("{FAE04EC0-301F-11D3-BF4B-00C04F79EFBC}") = "ConsoleApp1", "ConsoleApp1\ConsoleApp1.csproj", "{F49300AA-BA88-4743-A4A9-CA46B41231F1}"
EndProject
Global
	GlobalSection(SolutionConfigurationPlatforms) = preSolution
		Debug|Any CPU = Debug|Any CPU
		Release|Any CPU = Release|Any CPU
	EndGlobalSection
	GlobalSection(ProjectConfigurationPlatforms) = postSolution
		{F49300AA-BA88-4743-A4A9-CA46B41231F1}.Debug|Any CPU.ActiveCfg = Debug|Any CPU
		{F49300AA-BA88-4743-A4A9-CA46B41231F1}.Debug|Any CPU.Build.0 = Debug|Any CPU
		{F49300AA-BA88-4743-A4A9-CA46B41231F1}.Release|Any CPU.ActiveCfg = Release|Any CPU
		{F49300AA-BA88-4743-A4A9-CA46B41231F1}.Release|Any CPU.Build.0 = Release|Any CPU
	EndGlobalSection
	GlobalSection(SolutionProperties) = preSolution
		HideSolutionNode = FALSE
	EndGlobalSection
	GlobalSection(ExtensibilityGlobals) = postSolution
		SolutionGuid = {22D37239-A346-4C27-9267-8BC23C347A53}
	EndGlobalSection
EndGlobal
